
Microsoft Visual Studio Solution File, Format Version 12.00
# Visual Studio Version 17
VisualStudioVersion = 17.2.32630.192
MinimumVisualStudioVersion = 10.0.40219.1
Project("{FAE04EC0-301F-11D3-BF4B-00C04F79EFBC}") = "Library", "Library\Library.csproj", "{9CEDE27E-48F5-487E-A3BD-F303AC48A21F}"
EndProject
Global
	GlobalSection(SolutionConfigurationPlatforms) = preSolution
		Debug|Any CPU = Debug|Any CPU
		Release|Any CPU = Release|Any CPU
	EndGlobalSection
	GlobalSection(ProjectConfigurationPlatforms) = postSolution
		{9CEDE27E-48F5-487E-A3BD-F303AC48A21F}.Debug|Any CPU.ActiveCfg = Debug|Any CPU
		{9CEDE27E-48F5-487E-A3BD-F303AC48A21F}.Debug|Any CPU.Build.0 = Debug|Any CPU
		{9CEDE27E-48F5-487E-A3BD-F303AC48A21F}.Release|Any CPU.ActiveCfg = Release|Any CPU
		{9CEDE27E-48F5-487E-A3BD-F303AC48A21F}.Release|Any CPU.Build.0 = Release|Any CPU
	EndGlobalSection
	GlobalSection(SolutionProperties) = preSolution
		HideSolutionNode = FALSE
	EndGlobalSection
	GlobalSection(ExtensibilityGlobals) = postSolution
		SolutionGuid = {2EA8A951-1F3E-4DD1-A86A-DAE8F630A421}
	EndGlobalSection
EndGlobal
